// !$*UTF8*$!
{
	archiveVersion = 1;
	classes = {
	};
	objectVersion = 46;
	objects = {

/* Begin PBXBuildFile section */
		0E13DC0A1F0E6C7C00C81D2D /* main.m in Sources */ = {isa = PBXBuildFile; fileRef = 0E13DC091F0E6C7C00C81D2D /* main.m */; };
		0E13DC0D1F0E6C7C00C81D2D /* AppDelegate.m in Sources */ = {isa = PBXBuildFile; fileRef = 0E13DC0C1F0E6C7C00C81D2D /* AppDelegate.m */; };
		0E13DC151F0E6C7C00C81D2D /* Assets.xcassets in Resources */ = {isa = PBXBuildFile; fileRef = 0E13DC141F0E6C7C00C81D2D /* Assets.xcassets */; };
		0E13DC181F0E6C7C00C81D2D /* LaunchScreen.storyboard in Resources */ = {isa = PBXBuildFile; fileRef = 0E13DC161F0E6C7C00C81D2D /* LaunchScreen.storyboard */; };
		0E2288F91F164FBF007C0D25 /* UIBarButtonItem+BSExtension.m in Sources */ = {isa = PBXBuildFile; fileRef = 0E2288E41F164FBF007C0D25 /* UIBarButtonItem+BSExtension.m */; };
		0E2288FA1F164FBF007C0D25 /* UIView+BSView.m in Sources */ = {isa = PBXBuildFile; fileRef = 0E2288E61F164FBF007C0D25 /* UIView+BSView.m */; };
		0E2288FB1F164FBF007C0D25 /* BSTabBar.m in Sources */ = {isa = PBXBuildFile; fileRef = 0E2288E91F164FBF007C0D25 /* BSTabBar.m */; };
		0E2288FC1F164FBF007C0D25 /* BSTabBarViewController.m in Sources */ = {isa = PBXBuildFile; fileRef = 0E2288EB1F164FBF007C0D25 /* BSTabBarViewController.m */; };
		0E2288FD1F164FBF007C0D25 /* BSEssenceViewController.m in Sources */ = {isa = PBXBuildFile; fileRef = 0E2288F01F164FBF007C0D25 /* BSEssenceViewController.m */; };
		0E2288FE1F164FBF007C0D25 /* BSFriendTrendsViewController.m in Sources */ = {isa = PBXBuildFile; fileRef = 0E2288F61F164FBF007C0D25 /* BSFriendTrendsViewController.m */; };
		0E22890B1F164FD4007C0D25 /* BSMeViewController.m in Sources */ = {isa = PBXBuildFile; fileRef = 0E2289021F164FD4007C0D25 /* BSMeViewController.m */; };
		0E22890C1F164FD4007C0D25 /* BSNewViewController.m in Sources */ = {isa = PBXBuildFile; fileRef = 0E2289081F164FD4007C0D25 /* BSNewViewController.m */; };
		F4294F0B1F17333E00BB0C2E /* BSNavigationController.m in Sources */ = {isa = PBXBuildFile; fileRef = F4294F0A1F17333E00BB0C2E /* BSNavigationController.m */; };
		F4294F0E1F173AA000BB0C2E /* BSTestViewController.m in Sources */ = {isa = PBXBuildFile; fileRef = F4294F0D1F173AA000BB0C2E /* BSTestViewController.m */; };
/* End PBXBuildFile section */

/* Begin PBXFileReference section */
		0E13DC051F0E6C7C00C81D2D /* BaiSiJie.app */ = {isa = PBXFileReference; explicitFileType = wrapper.application; includeInIndex = 0; path = BaiSiJie.app; sourceTree = BUILT_PRODUCTS_DIR; };
		0E13DC091F0E6C7C00C81D2D /* main.m */ = {isa = PBXFileReference; lastKnownFileType = sourcecode.c.objc; path = main.m; sourceTree = "<group>"; };
		0E13DC0B1F0E6C7C00C81D2D /* AppDelegate.h */ = {isa = PBXFileReference; lastKnownFileType = sourcecode.c.h; path = AppDelegate.h; sourceTree = "<group>"; };
		0E13DC0C1F0E6C7C00C81D2D /* AppDelegate.m */ = {isa = PBXFileReference; lastKnownFileType = sourcecode.c.objc; path = AppDelegate.m; sourceTree = "<group>"; };
		0E13DC141F0E6C7C00C81D2D /* Assets.xcassets */ = {isa = PBXFileReference; lastKnownFileType = folder.assetcatalog; path = Assets.xcassets; sourceTree = "<group>"; };
		0E13DC171F0E6C7C00C81D2D /* Base */ = {isa = PBXFileReference; lastKnownFileType = file.storyboard; name = Base; path = Base.lproj/LaunchScreen.storyboard; sourceTree = "<group>"; };
		0E13DC191F0E6C7C00C81D2D /* Info.plist */ = {isa = PBXFileReference; lastKnownFileType = text.plist.xml; path = Info.plist; sourceTree = "<group>"; };
		0E2288E31F164FBF007C0D25 /* UIBarButtonItem+BSExtension.h */ = {isa = PBXFileReference; fileEncoding = 4; lastKnownFileType = sourcecode.c.h; path = "UIBarButtonItem+BSExtension.h"; sourceTree = "<group>"; };
		0E2288E41F164FBF007C0D25 /* UIBarButtonItem+BSExtension.m */ = {isa = PBXFileReference; fileEncoding = 4; lastKnownFileType = sourcecode.c.objc; path = "UIBarButtonItem+BSExtension.m"; sourceTree = "<group>"; };
		0E2288E51F164FBF007C0D25 /* UIView+BSView.h */ = {isa = PBXFileReference; fileEncoding = 4; lastKnownFileType = sourcecode.c.h; path = "UIView+BSView.h"; sourceTree = "<group>"; };
		0E2288E61F164FBF007C0D25 /* UIView+BSView.m */ = {isa = PBXFileReference; fileEncoding = 4; lastKnownFileType = sourcecode.c.objc; path = "UIView+BSView.m"; sourceTree = "<group>"; };
		0E2288E81F164FBF007C0D25 /* BSTabBar.h */ = {isa = PBXFileReference; fileEncoding = 4; lastKnownFileType = sourcecode.c.h; path = BSTabBar.h; sourceTree = "<group>"; };
		0E2288E91F164FBF007C0D25 /* BSTabBar.m */ = {isa = PBXFileReference; fileEncoding = 4; lastKnownFileType = sourcecode.c.objc; path = BSTabBar.m; sourceTree = "<group>"; };
		0E2288EA1F164FBF007C0D25 /* BSTabBarViewController.h */ = {isa = PBXFileReference; fileEncoding = 4; lastKnownFileType = sourcecode.c.h; path = BSTabBarViewController.h; sourceTree = "<group>"; };
		0E2288EB1F164FBF007C0D25 /* BSTabBarViewController.m */ = {isa = PBXFileReference; fileEncoding = 4; lastKnownFileType = sourcecode.c.objc; path = BSTabBarViewController.m; sourceTree = "<group>"; };
		0E2288EC1F164FBF007C0D25 /* PrefixHeader.pch */ = {isa = PBXFileReference; fileEncoding = 4; lastKnownFileType = sourcecode.c.h; path = PrefixHeader.pch; sourceTree = "<group>"; };
		0E2288EF1F164FBF007C0D25 /* BSEssenceViewController.h */ = {isa = PBXFileReference; fileEncoding = 4; lastKnownFileType = sourcecode.c.h; path = BSEssenceViewController.h; sourceTree = "<group>"; };
		0E2288F01F164FBF007C0D25 /* BSEssenceViewController.m */ = {isa = PBXFileReference; fileEncoding = 4; lastKnownFileType = sourcecode.c.objc; path = BSEssenceViewController.m; sourceTree = "<group>"; };
		0E2288F51F164FBF007C0D25 /* BSFriendTrendsViewController.h */ = {isa = PBXFileReference; fileEncoding = 4; lastKnownFileType = sourcecode.c.h; path = BSFriendTrendsViewController.h; sourceTree = "<group>"; };
		0E2288F61F164FBF007C0D25 /* BSFriendTrendsViewController.m */ = {isa = PBXFileReference; fileEncoding = 4; lastKnownFileType = sourcecode.c.objc; path = BSFriendTrendsViewController.m; sourceTree = "<group>"; };
		0E2289011F164FD4007C0D25 /* BSMeViewController.h */ = {isa = PBXFileReference; fileEncoding = 4; lastKnownFileType = sourcecode.c.h; path = BSMeViewController.h; sourceTree = "<group>"; };
		0E2289021F164FD4007C0D25 /* BSMeViewController.m */ = {isa = PBXFileReference; fileEncoding = 4; lastKnownFileType = sourcecode.c.objc; path = BSMeViewController.m; sourceTree = "<group>"; };
		0E2289071F164FD4007C0D25 /* BSNewViewController.h */ = {isa = PBXFileReference; fileEncoding = 4; lastKnownFileType = sourcecode.c.h; path = BSNewViewController.h; sourceTree = "<group>"; };
		0E2289081F164FD4007C0D25 /* BSNewViewController.m */ = {isa = PBXFileReference; fileEncoding = 4; lastKnownFileType = sourcecode.c.objc; path = BSNewViewController.m; sourceTree = "<group>"; };
		F4294F091F17333E00BB0C2E /* BSNavigationController.h */ = {isa = PBXFileReference; fileEncoding = 4; lastKnownFileType = sourcecode.c.h; path = BSNavigationController.h; sourceTree = "<group>"; };
		F4294F0A1F17333E00BB0C2E /* BSNavigationController.m */ = {isa = PBXFileReference; fileEncoding = 4; lastKnownFileType = sourcecode.c.objc; path = BSNavigationController.m; sourceTree = "<group>"; };
		F4294F0C1F173AA000BB0C2E /* BSTestViewController.h */ = {isa = PBXFileReference; fileEncoding = 4; lastKnownFileType = sourcecode.c.h; path = BSTestViewController.h; sourceTree = "<group>"; };
		F4294F0D1F173AA000BB0C2E /* BSTestViewController.m */ = {isa = PBXFileReference; fileEncoding = 4; lastKnownFileType = sourcecode.c.objc; path = BSTestViewController.m; sourceTree = "<group>"; };
/* End PBXFileReference section */

/* Begin PBXFrameworksBuildPhase section */
		0E13DC021F0E6C7C00C81D2D /* Frameworks */ = {
			isa = PBXFrameworksBuildPhase;
			buildActionMask = 2147483647;
			files = (
			);
			runOnlyForDeploymentPostprocessing = 0;
		};
/* End PBXFrameworksBuildPhase section */

/* Begin PBXGroup section */
		0E13DBFC1F0E6C7C00C81D2D = {
			isa = PBXGroup;
			children = (
				0E13DC071F0E6C7C00C81D2D /* BaiSiJie */,
				0E13DC061F0E6C7C00C81D2D /* Products */,
			);
			sourceTree = "<group>";
		};
		0E13DC061F0E6C7C00C81D2D /* Products */ = {
			isa = PBXGroup;
			children = (
				0E13DC051F0E6C7C00C81D2D /* BaiSiJie.app */,
			);
			name = Products;
			sourceTree = "<group>";
		};
		0E13DC071F0E6C7C00C81D2D /* BaiSiJie */ = {
			isa = PBXGroup;
			children = (
				0E13DC0B1F0E6C7C00C81D2D /* AppDelegate.h */,
				0E13DC0C1F0E6C7C00C81D2D /* AppDelegate.m */,
				0E2288E71F164FBF007C0D25 /* Common(公共) */,
				0E2288ED1F164FBF007C0D25 /* Essence(精华) */,
				0E2289051F164FD4007C0D25 /* New(新帖) */,
				0E2288F31F164FBF007C0D25 /* FriendTrends(关注) */,
				0E2288FF1F164FD4007C0D25 /* Me(我的) */,
				0E2288E21F164FBF007C0D25 /* Category(分类) */,
				0E13DC081F0E6C7C00C81D2D /* Supporting Files */,
			);
			path = BaiSiJie;
			sourceTree = "<group>";
		};
		0E13DC081F0E6C7C00C81D2D /* Supporting Files */ = {
			isa = PBXGroup;
			children = (
				0E13DC191F0E6C7C00C81D2D /* Info.plist */,
				0E13DC141F0E6C7C00C81D2D /* Assets.xcassets */,
				0E13DC161F0E6C7C00C81D2D /* LaunchScreen.storyboard */,
				0E13DC091F0E6C7C00C81D2D /* main.m */,
			);
			name = "Supporting Files";
			sourceTree = "<group>";
		};
		0E2288E21F164FBF007C0D25 /* Category(分类) */ = {
			isa = PBXGroup;
			children = (
				0E2288E31F164FBF007C0D25 /* UIBarButtonItem+BSExtension.h */,
				0E2288E41F164FBF007C0D25 /* UIBarButtonItem+BSExtension.m */,
				0E2288E51F164FBF007C0D25 /* UIView+BSView.h */,
				0E2288E61F164FBF007C0D25 /* UIView+BSView.m */,
			);
			name = "Category(分类)";
			path = Category;
			sourceTree = "<group>";
		};
		0E2288E71F164FBF007C0D25 /* Common(公共) */ = {
			isa = PBXGroup;
			children = (
				0E2288E81F164FBF007C0D25 /* BSTabBar.h */,
				0E2288E91F164FBF007C0D25 /* BSTabBar.m */,
				0E2288EA1F164FBF007C0D25 /* BSTabBarViewController.h */,
				0E2288EB1F164FBF007C0D25 /* BSTabBarViewController.m */,
				F4294F091F17333E00BB0C2E /* BSNavigationController.h */,
				F4294F0A1F17333E00BB0C2E /* BSNavigationController.m */,
				F4294F0C1F173AA000BB0C2E /* BSTestViewController.h */,
				F4294F0D1F173AA000BB0C2E /* BSTestViewController.m */,
				0E2288EC1F164FBF007C0D25 /* PrefixHeader.pch */,
			);
			name = "Common(公共)";
			path = Common;
			sourceTree = "<group>";
		};
		0E2288ED1F164FBF007C0D25 /* Essence(精华) */ = {
			isa = PBXGroup;
			children = (
				0E2288EE1F164FBF007C0D25 /* Controller */,
				0E2288F11F164FBF007C0D25 /* Model */,
				0E2288F21F164FBF007C0D25 /* View */,
			);
			name = "Essence(精华)";
			path = Essence;
			sourceTree = "<group>";
		};
		0E2288EE1F164FBF007C0D25 /* Controller */ = {
			isa = PBXGroup;
			children = (
				0E2288EF1F164FBF007C0D25 /* BSEssenceViewController.h */,
				0E2288F01F164FBF007C0D25 /* BSEssenceViewController.m */,
			);
			path = Controller;
			sourceTree = "<group>";
		};
		0E2288F11F164FBF007C0D25 /* Model */ = {
			isa = PBXGroup;
			children = (
			);
			path = Model;
			sourceTree = "<group>";
		};
		0E2288F21F164FBF007C0D25 /* View */ = {
			isa = PBXGroup;
			children = (
			);
			path = View;
			sourceTree = "<group>";
		};
		0E2288F31F164FBF007C0D25 /* FriendTrends(关注) */ = {
			isa = PBXGroup;
			children = (
				0E2288F41F164FBF007C0D25 /* Controller */,
				0E2288F71F164FBF007C0D25 /* Model */,
				0E2288F81F164FBF007C0D25 /* View */,
			);
			name = "FriendTrends(关注)";
			path = FriendTrends;
			sourceTree = "<group>";
		};
		0E2288F41F164FBF007C0D25 /* Controller */ = {
			isa = PBXGroup;
			children = (
				0E2288F51F164FBF007C0D25 /* BSFriendTrendsViewController.h */,
				0E2288F61F164FBF007C0D25 /* BSFriendTrendsViewController.m */,
			);
			path = Controller;
			sourceTree = "<group>";
		};
		0E2288F71F164FBF007C0D25 /* Model */ = {
			isa = PBXGroup;
			children = (
			);
			path = Model;
			sourceTree = "<group>";
		};
		0E2288F81F164FBF007C0D25 /* View */ = {
			isa = PBXGroup;
			children = (
			);
			path = View;
			sourceTree = "<group>";
		};
		0E2288FF1F164FD4007C0D25 /* Me(我的) */ = {
			isa = PBXGroup;
			children = (
				0E2289001F164FD4007C0D25 /* Controller */,
				0E2289031F164FD4007C0D25 /* Model */,
				0E2289041F164FD4007C0D25 /* View */,
			);
			name = "Me(我的)";
			path = Me;
			sourceTree = "<group>";
		};
		0E2289001F164FD4007C0D25 /* Controller */ = {
			isa = PBXGroup;
			children = (
				0E2289011F164FD4007C0D25 /* BSMeViewController.h */,
				0E2289021F164FD4007C0D25 /* BSMeViewController.m */,
			);
			path = Controller;
			sourceTree = "<group>";
		};
		0E2289031F164FD4007C0D25 /* Model */ = {
			isa = PBXGroup;
			children = (
			);
			path = Model;
			sourceTree = "<group>";
		};
		0E2289041F164FD4007C0D25 /* View */ = {
			isa = PBXGroup;
			children = (
			);
			path = View;
			sourceTree = "<group>";
		};
		0E2289051F164FD4007C0D25 /* New(新帖) */ = {
			isa = PBXGroup;
			children = (
				0E2289061F164FD4007C0D25 /* Controller */,
				0E2289091F164FD4007C0D25 /* Model */,
				0E22890A1F164FD4007C0D25 /* View */,
			);
			name = "New(新帖)";
			path = New;
			sourceTree = "<group>";
		};
		0E2289061F164FD4007C0D25 /* Controller */ = {
			isa = PBXGroup;
			children = (
				0E2289071F164FD4007C0D25 /* BSNewViewController.h */,
				0E2289081F164FD4007C0D25 /* BSNewViewController.m */,
			);
			path = Controller;
			sourceTree = "<group>";
		};
		0E2289091F164FD4007C0D25 /* Model */ = {
			isa = PBXGroup;
			children = (
			);
			path = Model;
			sourceTree = "<group>";
		};
		0E22890A1F164FD4007C0D25 /* View */ = {
			isa = PBXGroup;
			children = (
			);
			path = View;
			sourceTree = "<group>";
		};
/* End PBXGroup section */

/* Begin PBXNativeTarget section */
		0E13DC041F0E6C7C00C81D2D /* BaiSiJie */ = {
			isa = PBXNativeTarget;
			buildConfigurationList = 0E13DC1C1F0E6C7C00C81D2D /* Build configuration list for PBXNativeTarget "BaiSiJie" */;
			buildPhases = (
				0E13DC011F0E6C7C00C81D2D /* Sources */,
				0E13DC021F0E6C7C00C81D2D /* Frameworks */,
				0E13DC031F0E6C7C00C81D2D /* Resources */,
			);
			buildRules = (
			);
			dependencies = (
			);
			name = BaiSiJie;
			productName = BaiSiJie;
			productReference = 0E13DC051F0E6C7C00C81D2D /* BaiSiJie.app */;
			productType = "com.apple.product-type.application";
		};
/* End PBXNativeTarget section */

/* Begin PBXProject section */
		0E13DBFD1F0E6C7C00C81D2D /* Project object */ = {
			isa = PBXProject;
			attributes = {
				CLASSPREFIX = BS;
				LastUpgradeCheck = 0810;
				ORGANIZATIONNAME = "郑雪利";
				TargetAttributes = {
					0E13DC041F0E6C7C00C81D2D = {
						CreatedOnToolsVersion = 8.1;
						DevelopmentTeam = 2JMS7C4P53;
						ProvisioningStyle = Automatic;
					};
				};
			};
			buildConfigurationList = 0E13DC001F0E6C7C00C81D2D /* Build configuration list for PBXProject "BaiSiJie" */;
			compatibilityVersion = "Xcode 3.2";
			developmentRegion = English;
			hasScannedForEncodings = 0;
			knownRegions = (
				en,
				Base,
			);
			mainGroup = 0E13DBFC1F0E6C7C00C81D2D;
			productRefGroup = 0E13DC061F0E6C7C00C81D2D /* Products */;
			projectDirPath = "";
			projectRoot = "";
			targets = (
				0E13DC041F0E6C7C00C81D2D /* BaiSiJie */,
			);
		};
/* End PBXProject section */

/* Begin PBXResourcesBuildPhase section */
		0E13DC031F0E6C7C00C81D2D /* Resources */ = {
			isa = PBXResourcesBuildPhase;
			buildActionMask = 2147483647;
			files = (
				0E13DC181F0E6C7C00C81D2D /* LaunchScreen.storyboard in Resources */,
				0E13DC151F0E6C7C00C81D2D /* Assets.xcassets in Resources */,
			);
			runOnlyForDeploymentPostprocessing = 0;
		};
/* End PBXResourcesBuildPhase section */

/* Begin PBXSourcesBuildPhase section */
		0E13DC011F0E6C7C00C81D2D /* Sources */ = {
			isa = PBXSourcesBuildPhase;
			buildActionMask = 2147483647;
			files = (
				0E13DC0D1F0E6C7C00C81D2D /* AppDelegate.m in Sources */,
				F4294F0E1F173AA000BB0C2E /* BSTestViewController.m in Sources */,
				0E2288F91F164FBF007C0D25 /* UIBarButtonItem+BSExtension.m in Sources */,
				F4294F0B1F17333E00BB0C2E /* BSNavigationController.m in Sources */,
				0E2288FA1F164FBF007C0D25 /* UIView+BSView.m in Sources */,
				0E2288FC1F164FBF007C0D25 /* BSTabBarViewController.m in Sources */,
				0E22890C1F164FD4007C0D25 /* BSNewViewController.m in Sources */,
				0E2288FD1F164FBF007C0D25 /* BSEssenceViewController.m in Sources */,
				0E2288FE1F164FBF007C0D25 /* BSFriendTrendsViewController.m in Sources */,
				0E2288FB1F164FBF007C0D25 /* BSTabBar.m in Sources */,
				0E13DC0A1F0E6C7C00C81D2D /* main.m in Sources */,
				0E22890B1F164FD4007C0D25 /* BSMeViewController.m in Sources */,
			);
			runOnlyForDeploymentPostprocessing = 0;
		};
/* End PBXSourcesBuildPhase section */

/* Begin PBXVariantGroup section */
		0E13DC161F0E6C7C00C81D2D /* LaunchScreen.storyboard */ = {
			isa = PBXVariantGroup;
			children = (
				0E13DC171F0E6C7C00C81D2D /* Base */,
			);
			name = LaunchScreen.storyboard;
			sourceTree = "<group>";
		};
/* End PBXVariantGroup section */

/* Begin XCBuildConfiguration section */
		0E13DC1A1F0E6C7C00C81D2D /* Debug */ = {
			isa = XCBuildConfiguration;
			buildSettings = {
				ALWAYS_SEARCH_USER_PATHS = NO;
				CLANG_ANALYZER_NONNULL = YES;
				CLANG_CXX_LANGUAGE_STANDARD = "gnu++0x";
				CLANG_CXX_LIBRARY = "libc++";
				CLANG_ENABLE_MODULES = YES;
				CLANG_ENABLE_OBJC_ARC = YES;
				CLANG_WARN_BOOL_CONVERSION = YES;
				CLANG_WARN_CONSTANT_CONVERSION = YES;
				CLANG_WARN_DIRECT_OBJC_ISA_USAGE = YES_ERROR;
				CLANG_WARN_DOCUMENTATION_COMMENTS = YES;
				CLANG_WARN_EMPTY_BODY = YES;
				CLANG_WARN_ENUM_CONVERSION = YES;
				CLANG_WARN_INFINITE_RECURSION = YES;
				CLANG_WARN_INT_CONVERSION = YES;
				CLANG_WARN_OBJC_ROOT_CLASS = YES_ERROR;
				CLANG_WARN_SUSPICIOUS_MOVES = YES;
				CLANG_WARN_UNREACHABLE_CODE = YES;
				CLANG_WARN__DUPLICATE_METHOD_MATCH = YES;
				"CODE_SIGN_IDENTITY[sdk=iphoneos*]" = "iPhone Developer";
				COPY_PHASE_STRIP = NO;
				DEBUG_INFORMATION_FORMAT = dwarf;
				ENABLE_STRICT_OBJC_MSGSEND = YES;
				ENABLE_TESTABILITY = YES;
				GCC_C_LANGUAGE_STANDARD = gnu99;
				GCC_DYNAMIC_NO_PIC = NO;
				GCC_NO_COMMON_BLOCKS = YES;
				GCC_OPTIMIZATION_LEVEL = 0;
				GCC_PREPROCESSOR_DEFINITIONS = (
					"DEBUG=1",
					"$(inherited)",
				);
				GCC_WARN_64_TO_32_BIT_CONVERSION = YES;
				GCC_WARN_ABOUT_RETURN_TYPE = YES_ERROR;
				GCC_WARN_UNDECLARED_SELECTOR = YES;
				GCC_WARN_UNINITIALIZED_AUTOS = YES_AGGRESSIVE;
				GCC_WARN_UNUSED_FUNCTION = YES;
				GCC_WARN_UNUSED_VARIABLE = YES;
				IPHONEOS_DEPLOYMENT_TARGET = 10.1;
				MTL_ENABLE_DEBUG_INFO = YES;
				ONLY_ACTIVE_ARCH = YES;
				SDKROOT = iphoneos;
				TARGETED_DEVICE_FAMILY = "1,2";
			};
			name = Debug;
		};
		0E13DC1B1F0E6C7C00C81D2D /* Release */ = {
			isa = XCBuildConfiguration;
			buildSettings = {
				ALWAYS_SEARCH_USER_PATHS = NO;
				CLANG_ANALYZER_NONNULL = YES;
				CLANG_CXX_LANGUAGE_STANDARD = "gnu++0x";
				CLANG_CXX_LIBRARY = "libc++";
				CLANG_ENABLE_MODULES = YES;
				CLANG_ENABLE_OBJC_ARC = YES;
				CLANG_WARN_BOOL_CONVERSION = YES;
				CLANG_WARN_CONSTANT_CONVERSION = YES;
				CLANG_WARN_DIRECT_OBJC_ISA_USAGE = YES_ERROR;
				CLANG_WARN_DOCUMENTATION_COMMENTS = YES;
				CLANG_WARN_EMPTY_BODY = YES;
				CLANG_WARN_ENUM_CONVERSION = YES;
				CLANG_WARN_INFINITE_RECURSION = YES;
				CLANG_WARN_INT_CONVERSION = YES;
				CLANG_WARN_OBJC_ROOT_CLASS = YES_ERROR;
				CLANG_WARN_SUSPICIOUS_MOVES = YES;
				CLANG_WARN_UNREACHABLE_CODE = YES;
				CLANG_WARN__DUPLICATE_METHOD_MATCH = YES;
				"CODE_SIGN_IDENTITY[sdk=iphoneos*]" = "iPhone Developer";
				COPY_PHASE_STRIP = NO;
				DEBUG_INFORMATION_FORMAT = "dwarf-with-dsym";
				ENABLE_NS_ASSERTIONS = NO;
				ENABLE_STRICT_OBJC_MSGSEND = YES;
				GCC_C_LANGUAGE_STANDARD = gnu99;
				GCC_NO_COMMON_BLOCKS = YES;
				GCC_WARN_64_TO_32_BIT_CONVERSION = YES;
				GCC_WARN_ABOUT_RETURN_TYPE = YES_ERROR;
				GCC_WARN_UNDECLARED_SELECTOR = YES;
				GCC_WARN_UNINITIALIZED_AUTOS = YES_AGGRESSIVE;
				GCC_WARN_UNUSED_FUNCTION = YES;
				GCC_WARN_UNUSED_VARIABLE = YES;
				IPHONEOS_DEPLOYMENT_TARGET = 10.1;
				MTL_ENABLE_DEBUG_INFO = NO;
				SDKROOT = iphoneos;
				TARGETED_DEVICE_FAMILY = "1,2";
				VALIDATE_PRODUCT = YES;
			};
			name = Release;
		};
		0E13DC1D1F0E6C7C00C81D2D /* Debug */ = {
			isa = XCBuildConfiguration;
			buildSettings = {
				ASSETCATALOG_COMPILER_APPICON_NAME = AppIcon;
				ASSETCATALOG_COMPILER_LAUNCHIMAGE_NAME = LaunchImage;
				DEVELOPMENT_TEAM = 2JMS7C4P53;
				GCC_PRECOMPILE_PREFIX_HEADER = NO;
				GCC_PREFIX_HEADER = BaiSiJie/Common/PrefixHeader.pch;
				INFOPLIST_FILE = BaiSiJie/Info.plist;
				LD_RUNPATH_SEARCH_PATHS = "$(inherited) @executable_path/Frameworks";
				PRODUCT_BUNDLE_IDENTIFIER = ZXL.BaiSiJie;
				PRODUCT_NAME = "$(TARGET_NAME)";
			};
			name = Debug;
		};
		0E13DC1E1F0E6C7C00C81D2D /* Release */ = {
			isa = XCBuildConfiguration;
			buildSettings = {
				ASSETCATALOG_COMPILER_APPICON_NAME = AppIcon;
				ASSETCATALOG_COMPILER_LAUNCHIMAGE_NAME = LaunchImage;
				DEVELOPMENT_TEAM = 2JMS7C4P53;
				GCC_PRECOMPILE_PREFIX_HEADER = NO;
				GCC_PREFIX_HEADER = BaiSiJie/Common/PrefixHeader.pch;
				INFOPLIST_FILE = BaiSiJie/Info.plist;
				LD_RUNPATH_SEARCH_PATHS = "$(inherited) @executable_path/Frameworks";
				PRODUCT_BUNDLE_IDENTIFIER = ZXL.BaiSiJie;
				PRODUCT_NAME = "$(TARGET_NAME)";
			};
			name = Release;
		};
/* End XCBuildConfiguration section */

/* Begin XCConfigurationList section */
		0E13DC001F0E6C7C00C81D2D /* Build configuration list for PBXProject "BaiSiJie" */ = {
			isa = XCConfigurationList;
			buildConfigurations = (
				0E13DC1A1F0E6C7C00C81D2D /* Debug */,
				0E13DC1B1F0E6C7C00C81D2D /* Release */,
			);
			defaultConfigurationIsVisible = 0;
			defaultConfigurationName = Release;
		};
		0E13DC1C1F0E6C7C00C81D2D /* Build configuration list for PBXNativeTarget "BaiSiJie" */ = {
			isa = XCConfigurationList;
			buildConfigurations = (
				0E13DC1D1F0E6C7C00C81D2D /* Debug */,
				0E13DC1E1F0E6C7C00C81D2D /* Release */,
			);
			defaultConfigurationIsVisible = 0;
			defaultConfigurationName = Release;
		};
/* End XCConfigurationList section */
	};
	rootObject = 0E13DBFD1F0E6C7C00C81D2D /* Project object */;
}
